
Microsoft Visual Studio Solution File, Format Version 12.00
# Visual Studio Version 16
VisualStudioVersion = 16.0.30413.136
MinimumVisualStudioVersion = 10.0.40219.1
Project("{FAE04EC0-301F-11D3-BF4B-00C04F79EFBC}") = "PROYECTO salarios minimos", "PROYECTO salarios minimos.csproj", "{2CCC0AAF-36C5-4E0F-A039-CC6BEDD1445F}"
EndProject
Global
	GlobalSection(SolutionConfigurationPlatforms) = preSolution
		Debug|Any CPU = Debug|Any CPU
		Release|Any CPU = Release|Any CPU
	EndGlobalSection
	GlobalSection(ProjectConfigurationPlatforms) = postSolution
		{2CCC0AAF-36C5-4E0F-A039-CC6BEDD1445F}.Debug|Any CPU.ActiveCfg = Debug|Any CPU
		{2CCC0AAF-36C5-4E0F-A039-CC6BEDD1445F}.Debug|Any CPU.Build.0 = Debug|Any CPU
		{2CCC0AAF-36C5-4E0F-A039-CC6BEDD1445F}.Release|Any CPU.ActiveCfg = Release|Any CPU
		{2CCC0AAF-36C5-4E0F-A039-CC6BEDD1445F}.Release|Any CPU.Build.0 = Release|Any CPU
	EndGlobalSection
	GlobalSection(SolutionProperties) = preSolution
		HideSolutionNode = FALSE
	EndGlobalSection
	GlobalSection(ExtensibilityGlobals) = postSolution
		SolutionGuid = {7DDA4C8C-36ED-4313-A178-E3FDFA7506D8}
	EndGlobalSection
EndGlobal
